
Microsoft Visual Studio Solution File, Format Version 12.00
# Visual Studio Version 16
VisualStudioVersion = 16.0.29409.12
MinimumVisualStudioVersion = 10.0.40219.1
Project("{FAE04EC0-301F-11D3-BF4B-00C04F79EFBC}") = "eShopSolution.WebApp", "eShopSolution.WebApp\eShopSolution.WebApp.csproj", "{F15901A7-73B9-4361-9F02-A0CDDCCFE767}"
EndProject
Project("{2150E333-8FDC-42A3-9474-1A3956D46DE8}") = "Solution Items", "Solution Items", "{A88D3B4B-380F-4FC5-8210-B18EFC3AC0C7}"
	ProjectSection(SolutionItems) = preProject
		README.md = README.md
	EndProjectSection
EndProject
Project("{FAE04EC0-301F-11D3-BF4B-00C04F79EFBC}") = "eShopSolution.Data", "eShopSolution.Data\eShopSolution.Data.csproj", "{DFEFEC71-9278-4C5B-8611-A7B6E1EDFADF}"
EndProject
Project("{FAE04EC0-301F-11D3-BF4B-00C04F79EFBC}") = "eShopSolution.Application", "eShopSolution.Application\eShopSolution.Application.csproj", "{818ADA52-ADAA-4A0C-9431-B49A9C70C74D}"
EndProject
Global
	GlobalSection(SolutionConfigurationPlatforms) = preSolution
		Debug|Any CPU = Debug|Any CPU
		Release|Any CPU = Release|Any CPU
	EndGlobalSection
	GlobalSection(ProjectConfigurationPlatforms) = postSolution
		{F15901A7-73B9-4361-9F02-A0CDDCCFE767}.Debug|Any CPU.ActiveCfg = Debug|Any CPU
		{F15901A7-73B9-4361-9F02-A0CDDCCFE767}.Debug|Any CPU.Build.0 = Debug|Any CPU
		{F15901A7-73B9-4361-9F02-A0CDDCCFE767}.Release|Any CPU.ActiveCfg = Release|Any CPU
		{F15901A7-73B9-4361-9F02-A0CDDCCFE767}.Release|Any CPU.Build.0 = Release|Any CPU
		{DFEFEC71-9278-4C5B-8611-A7B6E1EDFADF}.Debug|Any CPU.ActiveCfg = Debug|Any CPU
		{DFEFEC71-9278-4C5B-8611-A7B6E1EDFADF}.Debug|Any CPU.Build.0 = Debug|Any CPU
		{DFEFEC71-9278-4C5B-8611-A7B6E1EDFADF}.Release|Any CPU.ActiveCfg = Release|Any CPU
		{DFEFEC71-9278-4C5B-8611-A7B6E1EDFADF}.Release|Any CPU.Build.0 = Release|Any CPU
		{818ADA52-ADAA-4A0C-9431-B49A9C70C74D}.Debug|Any CPU.ActiveCfg = Debug|Any CPU
		{818ADA52-ADAA-4A0C-9431-B49A9C70C74D}.Debug|Any CPU.Build.0 = Debug|Any CPU
		{818ADA52-ADAA-4A0C-9431-B49A9C70C74D}.Release|Any CPU.ActiveCfg = Release|Any CPU
		{818ADA52-ADAA-4A0C-9431-B49A9C70C74D}.Release|Any CPU.Build.0 = Release|Any CPU
	EndGlobalSection
	GlobalSection(SolutionProperties) = preSolution
		HideSolutionNode = FALSE
	EndGlobalSection
	GlobalSection(ExtensibilityGlobals) = postSolution
		SolutionGuid = {E4096CAD-4FBC-4145-A3E3-C69BF5C162F7}
	EndGlobalSection
EndGlobal
